{
  "nodes": {
    "dm-mono": {
      "flake": false,
      "locked": {
        "lastModified": 1636197487,
        "narHash": "sha256-CzaQMqJuMU1OmOjjVfAeb1nzhxy7zmQozjGSk510o5Q=",
        "owner": "ylieder",
        "repo": "dm-mono-nerd-font",
        "rev": "474a1f45cac18791dd6fd8a9f81732b0e8779717",
        "type": "github"
      },
      "original": {
        "owner": "ylieder",
        "repo": "dm-mono-nerd-font",
        "type": "github"
      }
    },
    "mkflake": {
      "locked": {
        "lastModified": 1712284878,
        "narHash": "sha256-66dqRuL4kQw9r/xthE7RbTdaszwUZLdjwFwFloeu6NI=",
        "owner": "jonascarpay",
        "repo": "mkflake",
        "rev": "eb1172a9cd34e0a42848e787fb11a673f658c9e2",
        "type": "github"
      },
      "original": {
        "owner": "jonascarpay",
        "repo": "mkflake",
        "type": "github"
      }
    },
    "nixpkgs": {
      "locked": {
        "lastModified": 1749260197,
        "narHash": "sha256-c1axp06lw6dlbidYver3almLrn44KXkNRseXE50mbCc=",
        "owner": "NixOS",
        "repo": "nixpkgs",
        "rev": "d2efacc2fdaaa7f145e31ddba8f3748a85b99d32",
        "type": "github"
      },
      "original": {
        "owner": "NixOS",
        "repo": "nixpkgs",
        "type": "github"
      }
    },
    "root": {
      "inputs": {
        "dm-mono": "dm-mono",
        "mkflake": "mkflake",
        "nixpkgs": "nixpkgs"
      }
    }
  },
  "root": "root",
  "version": 7
}
